
Microsoft Visual Studio Solution File, Format Version 12.00
# Visual Studio 15
VisualStudioVersion = 15.0.28010.0
MinimumVisualStudioVersion = 10.0.40219.1
Project("{F184B08F-C81C-45F6-A57F-5ABD9991F28F}") = "UI", "WindowsApp1\UI.vbproj", "{254C423E-5AF9-464C-A965-065359346244}"
EndProject
Project("{F184B08F-C81C-45F6-A57F-5ABD9991F28F}") = "BLL", "BLL\BLL.vbproj", "{036462C8-6C7D-46E5-91B5-C67580C71D73}"
EndProject
Project("{F184B08F-C81C-45F6-A57F-5ABD9991F28F}") = "MPP", "MPP\MPP.vbproj", "{11E7C114-111E-42B8-8C1F-13629FDEA639}"
EndProject
Project("{F184B08F-C81C-45F6-A57F-5ABD9991F28F}") = "DAL", "DAL\DAL.vbproj", "{580E6009-7325-4969-B9A9-28FD435D6B74}"
EndProject
Project("{F184B08F-C81C-45F6-A57F-5ABD9991F28F}") = "EE", "EE\EE.vbproj", "{5A841DD4-DCFD-44A8-BD8D-C3093647A396}"
EndProject
Project("{F184B08F-C81C-45F6-A57F-5ABD9991F28F}") = "Servicios", "Servicios\Servicios.vbproj", "{DD570FFF-989D-41DC-B892-0738B3348153}"
EndProject
Project("{2150E333-8FDC-42A3-9474-1A3956D46DE8}") = "Test", "Test", "{0CD33634-6235-4BEE-B704-CBB933A14B67}"
EndProject
Project("{F184B08F-C81C-45F6-A57F-5ABD9991F28F}") = "TestingSucursal", "TestingSucursal\TestingSucursal.vbproj", "{3F47DE7D-FFE7-44D6-8FAA-D85D3D69722B}"
EndProject
Project("{54435603-DBB4-11D2-8724-00A0C9A8B90C}") = "Instalacionfinal", "Instalacionfinal\Instalacionfinal.vdproj", "{9E11DF7D-8C6B-4195-A6B7-DC9559E2FF13}"
EndProject
Project("{54435603-DBB4-11D2-8724-00A0C9A8B90C}") = "FINALSETUP44", "FINALSETUP44\FINALSETUP44.vdproj", "{FA4B71EC-C84D-47E9-9951-62EFCE72BA38}"
EndProject
Global
	GlobalSection(SolutionConfigurationPlatforms) = preSolution
		Debug|Any CPU = Debug|Any CPU
		Debug|ARM = Debug|ARM
		Debug|x64 = Debug|x64
		Debug|x86 = Debug|x86
		Release|Any CPU = Release|Any CPU
		Release|ARM = Release|ARM
		Release|x64 = Release|x64
		Release|x86 = Release|x86
	EndGlobalSection
	GlobalSection(ProjectConfigurationPlatforms) = postSolution
		{254C423E-5AF9-464C-A965-065359346244}.Debug|Any CPU.ActiveCfg = Debug|Any CPU
		{254C423E-5AF9-464C-A965-065359346244}.Debug|Any CPU.Build.0 = Debug|Any CPU
		{254C423E-5AF9-464C-A965-065359346244}.Debug|ARM.ActiveCfg = Debug|Any CPU
		{254C423E-5AF9-464C-A965-065359346244}.Debug|ARM.Build.0 = Debug|Any CPU
		{254C423E-5AF9-464C-A965-065359346244}.Debug|x64.ActiveCfg = Debug|Any CPU
		{254C423E-5AF9-464C-A965-065359346244}.Debug|x64.Build.0 = Debug|Any CPU
		{254C423E-5AF9-464C-A965-065359346244}.Debug|x86.ActiveCfg = Debug|Any CPU
		{254C423E-5AF9-464C-A965-065359346244}.Debug|x86.Build.0 = Debug|Any CPU
		{254C423E-5AF9-464C-A965-065359346244}.Release|Any CPU.ActiveCfg = Release|Any CPU
		{254C423E-5AF9-464C-A965-065359346244}.Release|Any CPU.Build.0 = Release|Any CPU
		{254C423E-5AF9-464C-A965-065359346244}.Release|ARM.ActiveCfg = Release|Any CPU
		{254C423E-5AF9-464C-A965-065359346244}.Release|ARM.Build.0 = Release|Any CPU
		{254C423E-5AF9-464C-A965-065359346244}.Release|x64.ActiveCfg = Release|Any CPU
		{254C423E-5AF9-464C-A965-065359346244}.Release|x64.Build.0 = Release|Any CPU
		{254C423E-5AF9-464C-A965-065359346244}.Release|x86.ActiveCfg = Release|Any CPU
		{254C423E-5AF9-464C-A965-065359346244}.Release|x86.Build.0 = Release|Any CPU
		{036462C8-6C7D-46E5-91B5-C67580C71D73}.Debug|Any CPU.ActiveCfg = Debug|Any CPU
		{036462C8-6C7D-46E5-91B5-C67580C71D73}.Debug|Any CPU.Build.0 = Debug|Any CPU
		{036462C8-6C7D-46E5-91B5-C67580C71D73}.Debug|ARM.ActiveCfg = Debug|Any CPU
		{036462C8-6C7D-46E5-91B5-C67580C71D73}.Debug|ARM.Build.0 = Debug|Any CPU
		{036462C8-6C7D-46E5-91B5-C67580C71D73}.Debug|x64.ActiveCfg = Debug|Any CPU
		{036462C8-6C7D-46E5-91B5-C67580C71D73}.Debug|x64.Build.0 = Debug|Any CPU
		{036462C8-6C7D-46E5-91B5-C67580C71D73}.Debug|x86.ActiveCfg = Debug|Any CPU
		{036462C8-6C7D-46E5-91B5-C67580C71D73}.Debug|x86.Build.0 = Debug|Any CPU
		{036462C8-6C7D-46E5-91B5-C67580C71D73}.Release|Any CPU.ActiveCfg = Release|Any CPU
		{036462C8-6C7D-46E5-91B5-C67580C71D73}.Release|Any CPU.Build.0 = Release|Any CPU
		{036462C8-6C7D-46E5-91B5-C67580C71D73}.Release|ARM.ActiveCfg = Release|Any CPU
		{036462C8-6C7D-46E5-91B5-C67580C71D73}.Release|ARM.Build.0 = Release|Any CPU
		{036462C8-6C7D-46E5-91B5-C67580C71D73}.Release|x64.ActiveCfg = Release|Any CPU
		{036462C8-6C7D-46E5-91B5-C67580C71D73}.Release|x64.Build.0 = Release|Any CPU
		{036462C8-6C7D-46E5-91B5-C67580C71D73}.Release|x86.ActiveCfg = Release|Any CPU
		{036462C8-6C7D-46E5-91B5-C67580C71D73}.Release|x86.Build.0 = Release|Any CPU
		{11E7C114-111E-42B8-8C1F-13629FDEA639}.Debug|Any CPU.ActiveCfg = Debug|Any CPU
		{11E7C114-111E-42B8-8C1F-13629FDEA639}.Debug|Any CPU.Build.0 = Debug|Any CPU
		{11E7C114-111E-42B8-8C1F-13629FDEA639}.Debug|ARM.ActiveCfg = Debug|Any CPU
		{11E7C114-111E-42B8-8C1F-13629FDEA639}.Debug|ARM.Build.0 = Debug|Any CPU
		{11E7C114-111E-42B8-8C1F-13629FDEA639}.Debug|x64.ActiveCfg = Debug|Any CPU
		{11E7C114-111E-42B8-8C1F-13629FDEA639}.Debug|x64.Build.0 = Debug|Any CPU
		{11E7C114-111E-42B8-8C1F-13629FDEA639}.Debug|x86.ActiveCfg = Debug|Any CPU
		{11E7C114-111E-42B8-8C1F-13629FDEA639}.Debug|x86.Build.0 = Debug|Any CPU
		{11E7C114-111E-42B8-8C1F-13629FDEA639}.Release|Any CPU.ActiveCfg = Release|Any CPU
		{11E7C114-111E-42B8-8C1F-13629FDEA639}.Release|Any CPU.Build.0 = Release|Any CPU
		{11E7C114-111E-42B8-8C1F-13629FDEA639}.Release|ARM.ActiveCfg = Release|Any CPU
		{11E7C114-111E-42B8-8C1F-13629FDEA639}.Release|ARM.Build.0 = Release|Any CPU
		{11E7C114-111E-42B8-8C1F-13629FDEA639}.Release|x64.ActiveCfg = Release|Any CPU
		{11E7C114-111E-42B8-8C1F-13629FDEA639}.Release|x64.Build.0 = Release|Any CPU
		{11E7C114-111E-42B8-8C1F-13629FDEA639}.Release|x86.ActiveCfg = Release|Any CPU
		{11E7C114-111E-42B8-8C1F-13629FDEA639}.Release|x86.Build.0 = Release|Any CPU
		{580E6009-7325-4969-B9A9-28FD435D6B74}.Debug|Any CPU.ActiveCfg = Debug|Any CPU
		{580E6009-7325-4969-B9A9-28FD435D6B74}.Debug|Any CPU.Build.0 = Debug|Any CPU
		{580E6009-7325-4969-B9A9-28FD435D6B74}.Debug|ARM.ActiveCfg = Debug|Any CPU
		{580E6009-7325-4969-B9A9-28FD435D6B74}.Debug|ARM.Build.0 = Debug|Any CPU
		{580E6009-7325-4969-B9A9-28FD435D6B74}.Debug|x64.ActiveCfg = Debug|Any CPU
		{580E6009-7325-4969-B9A9-28FD435D6B74}.Debug|x64.Build.0 = Debug|Any CPU
		{580E6009-7325-4969-B9A9-28FD435D6B74}.Debug|x86.ActiveCfg = Debug|Any CPU
		{580E6009-7325-4969-B9A9-28FD435D6B74}.Debug|x86.Build.0 = Debug|Any CPU
		{580E6009-7325-4969-B9A9-28FD435D6B74}.Release|Any CPU.ActiveCfg = Release|Any CPU
		{580E6009-7325-4969-B9A9-28FD435D6B74}.Release|Any CPU.Build.0 = Release|Any CPU
		{580E6009-7325-4969-B9A9-28FD435D6B74}.Release|ARM.ActiveCfg = Release|Any CPU
		{580E6009-7325-4969-B9A9-28FD435D6B74}.Release|ARM.Build.0 = Release|Any CPU
		{580E6009-7325-4969-B9A9-28FD435D6B74}.Release|x64.ActiveCfg = Release|Any CPU
		{580E6009-7325-4969-B9A9-28FD435D6B74}.Release|x64.Build.0 = Release|Any CPU
		{580E6009-7325-4969-B9A9-28FD435D6B74}.Release|x86.ActiveCfg = Release|Any CPU
		{580E6009-7325-4969-B9A9-28FD435D6B74}.Release|x86.Build.0 = Release|Any CPU
		{5A841DD4-DCFD-44A8-BD8D-C3093647A396}.Debug|Any CPU.ActiveCfg = Debug|Any CPU
		{5A841DD4-DCFD-44A8-BD8D-C3093647A396}.Debug|Any CPU.Build.0 = Debug|Any CPU
		{5A841DD4-DCFD-44A8-BD8D-C3093647A396}.Debug|ARM.ActiveCfg = Debug|Any CPU
		{5A841DD4-DCFD-44A8-BD8D-C3093647A396}.Debug|ARM.Build.0 = Debug|Any CPU
		{5A841DD4-DCFD-44A8-BD8D-C3093647A396}.Debug|x64.ActiveCfg = Debug|Any CPU
		{5A841DD4-DCFD-44A8-BD8D-C3093647A396}.Debug|x64.Build.0 = Debug|Any CPU
		{5A841DD4-DCFD-44A8-BD8D-C3093647A396}.Debug|x86.ActiveCfg = Debug|Any CPU
		{5A841DD4-DCFD-44A8-BD8D-C3093647A396}.Debug|x86.Build.0 = Debug|Any CPU
		{5A841DD4-DCFD-44A8-BD8D-C3093647A396}.Release|Any CPU.ActiveCfg = Release|Any CPU
		{5A841DD4-DCFD-44A8-BD8D-C3093647A396}.Release|Any CPU.Build.0 = Release|Any CPU
		{5A841DD4-DCFD-44A8-BD8D-C3093647A396}.Release|ARM.ActiveCfg = Release|Any CPU
		{5A841DD4-DCFD-44A8-BD8D-C3093647A396}.Release|ARM.Build.0 = Release|Any CPU
		{5A841DD4-DCFD-44A8-BD8D-C3093647A396}.Release|x64.ActiveCfg = Release|Any CPU
		{5A841DD4-DCFD-44A8-BD8D-C3093647A396}.Release|x64.Build.0 = Release|Any CPU
		{5A841DD4-DCFD-44A8-BD8D-C3093647A396}.Release|x86.ActiveCfg = Release|Any CPU
		{5A841DD4-DCFD-44A8-BD8D-C3093647A396}.Release|x86.Build.0 = Release|Any CPU
		{DD570FFF-989D-41DC-B892-0738B3348153}.Debug|Any CPU.ActiveCfg = Debug|Any CPU
		{DD570FFF-989D-41DC-B892-0738B3348153}.Debug|Any CPU.Build.0 = Debug|Any CPU
		{DD570FFF-989D-41DC-B892-0738B3348153}.Debug|ARM.ActiveCfg = Debug|Any CPU
		{DD570FFF-989D-41DC-B892-0738B3348153}.Debug|ARM.Build.0 = Debug|Any CPU
		{DD570FFF-989D-41DC-B892-0738B3348153}.Debug|x64.ActiveCfg = Debug|Any CPU
		{DD570FFF-989D-41DC-B892-0738B3348153}.Debug|x64.Build.0 = Debug|Any CPU
		{DD570FFF-989D-41DC-B892-0738B3348153}.Debug|x86.ActiveCfg = Debug|Any CPU
		{DD570FFF-989D-41DC-B892-0738B3348153}.Debug|x86.Build.0 = Debug|Any CPU
		{DD570FFF-989D-41DC-B892-0738B3348153}.Release|Any CPU.ActiveCfg = Release|Any CPU
		{DD570FFF-989D-41DC-B892-0738B3348153}.Release|Any CPU.Build.0 = Release|Any CPU
		{DD570FFF-989D-41DC-B892-0738B3348153}.Release|ARM.ActiveCfg = Release|Any CPU
		{DD570FFF-989D-41DC-B892-0738B3348153}.Release|ARM.Build.0 = Release|Any CPU
		{DD570FFF-989D-41DC-B892-0738B3348153}.Release|x64.ActiveCfg = Release|Any CPU
		{DD570FFF-989D-41DC-B892-0738B3348153}.Release|x64.Build.0 = Release|Any CPU
		{DD570FFF-989D-41DC-B892-0738B3348153}.Release|x86.ActiveCfg = Release|Any CPU
		{DD570FFF-989D-41DC-B892-0738B3348153}.Release|x86.Build.0 = Release|Any CPU
		{3F47DE7D-FFE7-44D6-8FAA-D85D3D69722B}.Debug|Any CPU.ActiveCfg = Debug|Any CPU
		{3F47DE7D-FFE7-44D6-8FAA-D85D3D69722B}.Debug|Any CPU.Build.0 = Debug|Any CPU
		{3F47DE7D-FFE7-44D6-8FAA-D85D3D69722B}.Debug|ARM.ActiveCfg = Debug|Any CPU
		{3F47DE7D-FFE7-44D6-8FAA-D85D3D69722B}.Debug|ARM.Build.0 = Debug|Any CPU
		{3F47DE7D-FFE7-44D6-8FAA-D85D3D69722B}.Debug|x64.ActiveCfg = Debug|Any CPU
		{3F47DE7D-FFE7-44D6-8FAA-D85D3D69722B}.Debug|x64.Build.0 = Debug|Any CPU
		{3F47DE7D-FFE7-44D6-8FAA-D85D3D69722B}.Debug|x86.ActiveCfg = Debug|Any CPU
		{3F47DE7D-FFE7-44D6-8FAA-D85D3D69722B}.Debug|x86.Build.0 = Debug|Any CPU
		{3F47DE7D-FFE7-44D6-8FAA-D85D3D69722B}.Release|Any CPU.ActiveCfg = Release|Any CPU
		{3F47DE7D-FFE7-44D6-8FAA-D85D3D69722B}.Release|Any CPU.Build.0 = Release|Any CPU
		{3F47DE7D-FFE7-44D6-8FAA-D85D3D69722B}.Release|ARM.ActiveCfg = Release|Any CPU
		{3F47DE7D-FFE7-44D6-8FAA-D85D3D69722B}.Release|ARM.Build.0 = Release|Any CPU
		{3F47DE7D-FFE7-44D6-8FAA-D85D3D69722B}.Release|x64.ActiveCfg = Release|Any CPU
		{3F47DE7D-FFE7-44D6-8FAA-D85D3D69722B}.Release|x64.Build.0 = Release|Any CPU
		{3F47DE7D-FFE7-44D6-8FAA-D85D3D69722B}.Release|x86.ActiveCfg = Release|Any CPU
		{3F47DE7D-FFE7-44D6-8FAA-D85D3D69722B}.Release|x86.Build.0 = Release|Any CPU
		{9E11DF7D-8C6B-4195-A6B7-DC9559E2FF13}.Debug|Any CPU.ActiveCfg = Debug
		{9E11DF7D-8C6B-4195-A6B7-DC9559E2FF13}.Debug|ARM.ActiveCfg = Debug
		{9E11DF7D-8C6B-4195-A6B7-DC9559E2FF13}.Debug|x64.ActiveCfg = Debug
		{9E11DF7D-8C6B-4195-A6B7-DC9559E2FF13}.Debug|x86.ActiveCfg = Debug
		{9E11DF7D-8C6B-4195-A6B7-DC9559E2FF13}.Release|Any CPU.ActiveCfg = Release
		{9E11DF7D-8C6B-4195-A6B7-DC9559E2FF13}.Release|ARM.ActiveCfg = Release
		{9E11DF7D-8C6B-4195-A6B7-DC9559E2FF13}.Release|x64.ActiveCfg = Release
		{9E11DF7D-8C6B-4195-A6B7-DC9559E2FF13}.Release|x86.ActiveCfg = Release
		{FA4B71EC-C84D-47E9-9951-62EFCE72BA38}.Debug|Any CPU.ActiveCfg = Debug
		{FA4B71EC-C84D-47E9-9951-62EFCE72BA38}.Debug|ARM.ActiveCfg = Debug
		{FA4B71EC-C84D-47E9-9951-62EFCE72BA38}.Debug|x64.ActiveCfg = Debug
		{FA4B71EC-C84D-47E9-9951-62EFCE72BA38}.Debug|x86.ActiveCfg = Debug
		{FA4B71EC-C84D-47E9-9951-62EFCE72BA38}.Release|Any CPU.ActiveCfg = Release
		{FA4B71EC-C84D-47E9-9951-62EFCE72BA38}.Release|ARM.ActiveCfg = Release
		{FA4B71EC-C84D-47E9-9951-62EFCE72BA38}.Release|x64.ActiveCfg = Release
		{FA4B71EC-C84D-47E9-9951-62EFCE72BA38}.Release|x86.ActiveCfg = Release
	EndGlobalSection
	GlobalSection(SolutionProperties) = preSolution
		HideSolutionNode = FALSE
	EndGlobalSection
	GlobalSection(NestedProjects) = preSolution
		{3F47DE7D-FFE7-44D6-8FAA-D85D3D69722B} = {0CD33634-6235-4BEE-B704-CBB933A14B67}
	EndGlobalSection
	GlobalSection(ExtensibilityGlobals) = postSolution
		SolutionGuid = {B20DE3A5-DB0F-4BFD-BC90-D71BF86D57D5}
	EndGlobalSection
EndGlobal
